
Microsoft Visual Studio Solution File, Format Version 12.00
# Visual Studio Version 16
VisualStudioVersion = 16.0.30717.126
MinimumVisualStudioVersion = 10.0.40219.1
Project("{FAE04EC0-301F-11D3-BF4B-00C04F79EFBC}") = "FISK_Prototype", "FISK_Prototype\FISK_Prototype.csproj", "{4B825B81-8D9C-482E-BD47-E4E72D29E0CD}"
EndProject
Global
	GlobalSection(SolutionConfigurationPlatforms) = preSolution
		Debug|Any CPU = Debug|Any CPU
		Release|Any CPU = Release|Any CPU
	EndGlobalSection
	GlobalSection(ProjectConfigurationPlatforms) = postSolution
		{4B825B81-8D9C-482E-BD47-E4E72D29E0CD}.Debug|Any CPU.ActiveCfg = Debug|Any CPU
		{4B825B81-8D9C-482E-BD47-E4E72D29E0CD}.Debug|Any CPU.Build.0 = Debug|Any CPU
		{4B825B81-8D9C-482E-BD47-E4E72D29E0CD}.Release|Any CPU.ActiveCfg = Release|Any CPU
		{4B825B81-8D9C-482E-BD47-E4E72D29E0CD}.Release|Any CPU.Build.0 = Release|Any CPU
	EndGlobalSection
	GlobalSection(SolutionProperties) = preSolution
		HideSolutionNode = FALSE
	EndGlobalSection
	GlobalSection(ExtensibilityGlobals) = postSolution
		SolutionGuid = {95E6F76F-3FE8-4EAB-AA21-6792E250D5B8}
	EndGlobalSection
EndGlobal
